
Microsoft Visual Studio Solution File, Format Version 12.00
# Visual Studio Version 17
VisualStudioVersion = 17.14.36327.8 d17.14
MinimumVisualStudioVersion = 10.0.40219.1
Project("{FAE04EC0-301F-11D3-BF4B-00C04F79EFBC}") = "Automat2", "Automat2\Automat2.csproj", "{3543C93D-69AE-4EF8-B1AC-C7358D0D5A52}"
EndProject
Global
	GlobalSection(SolutionConfigurationPlatforms) = preSolution
		Debug|Any CPU = Debug|Any CPU
		Release|Any CPU = Release|Any CPU
	EndGlobalSection
	GlobalSection(ProjectConfigurationPlatforms) = postSolution
		{3543C93D-69AE-4EF8-B1AC-C7358D0D5A52}.Debug|Any CPU.ActiveCfg = Debug|Any CPU
		{3543C93D-69AE-4EF8-B1AC-C7358D0D5A52}.Debug|Any CPU.Build.0 = Debug|Any CPU
		{3543C93D-69AE-4EF8-B1AC-C7358D0D5A52}.Release|Any CPU.ActiveCfg = Release|Any CPU
		{3543C93D-69AE-4EF8-B1AC-C7358D0D5A52}.Release|Any CPU.Build.0 = Release|Any CPU
	EndGlobalSection
	GlobalSection(SolutionProperties) = preSolution
		HideSolutionNode = FALSE
	EndGlobalSection
	GlobalSection(ExtensibilityGlobals) = postSolution
		SolutionGuid = {7EB7123A-0CA8-4EFC-BDC9-F051DDF234E9}
	EndGlobalSection
EndGlobal
